// !$*UTF8*$!
{
	archiveVersion = 1;
	classes = {
	};
	objectVersion = 50;
	objects = {

/* Begin PBXBuildFile section */
		672DCBF3213DA62D00F2E3F7 /* AppDelegate.swift in Sources */ = {isa = PBXBuildFile; fileRef = 672DCBF2213DA62D00F2E3F7 /* AppDelegate.swift */; };
		672DCBF5213DA62D00F2E3F7 /* MainViewController.swift in Sources */ = {isa = PBXBuildFile; fileRef = 672DCBF4213DA62D00F2E3F7 /* MainViewController.swift */; };
		672DCBF8213DA62D00F2E3F7 /* Main.storyboard in Resources */ = {isa = PBXBuildFile; fileRef = 672DCBF6213DA62D00F2E3F7 /* Main.storyboard */; };
		672DCBFA213DA62E00F2E3F7 /* Assets.xcassets in Resources */ = {isa = PBXBuildFile; fileRef = 672DCBF9213DA62E00F2E3F7 /* Assets.xcassets */; };
		672DCBFD213DA62E00F2E3F7 /* LaunchScreen.storyboard in Resources */ = {isa = PBXBuildFile; fileRef = 672DCBFB213DA62E00F2E3F7 /* LaunchScreen.storyboard */; };
		672DCC08213DA62E00F2E3F7 /* MarvelVDTests.swift in Sources */ = {isa = PBXBuildFile; fileRef = 672DCC07213DA62E00F2E3F7 /* MarvelVDTests.swift */; };
		672DCC13213DA62E00F2E3F7 /* MarvelVDUITests.swift in Sources */ = {isa = PBXBuildFile; fileRef = 672DCC12213DA62E00F2E3F7 /* MarvelVDUITests.swift */; };
		672DCC22213DA69200F2E3F7 /* RequestManager.swift in Sources */ = {isa = PBXBuildFile; fileRef = 672DCC21213DA69200F2E3F7 /* RequestManager.swift */; };
		672DCC24213DA6D300F2E3F7 /* RequestManagerTests.swift in Sources */ = {isa = PBXBuildFile; fileRef = 672DCC23213DA6D300F2E3F7 /* RequestManagerTests.swift */; };
		672DCC26213DA74100F2E3F7 /* MarvelVDData.swift in Sources */ = {isa = PBXBuildFile; fileRef = 672DCC25213DA74100F2E3F7 /* MarvelVDData.swift */; };
		672DCC28213DA7F100F2E3F7 /* MarvelRequestSites.swift in Sources */ = {isa = PBXBuildFile; fileRef = 672DCC27213DA7F100F2E3F7 /* MarvelRequestSites.swift */; };
		672DCC2A213DAB1D00F2E3F7 /* MarvelRequestSitesTests.swift in Sources */ = {isa = PBXBuildFile; fileRef = 672DCC29213DAB1D00F2E3F7 /* MarvelRequestSitesTests.swift */; };
		672DCC2C213DB1C100F2E3F7 /* EncryptMarvelRequestVD.swift in Sources */ = {isa = PBXBuildFile; fileRef = 672DCC2B213DB1C100F2E3F7 /* EncryptMarvelRequestVD.swift */; };
		672DCC2E213DB1F900F2E3F7 /* CryptoSwift.framework in Frameworks */ = {isa = PBXBuildFile; fileRef = 672DCC2D213DB1F800F2E3F7 /* CryptoSwift.framework */; };
		672DCC2F213DB1F900F2E3F7 /* CryptoSwift.framework in Embed Frameworks */ = {isa = PBXBuildFile; fileRef = 672DCC2D213DB1F800F2E3F7 /* CryptoSwift.framework */; settings = {ATTRIBUTES = (CodeSignOnCopy, RemoveHeadersOnCopy, ); }; };
		672DCC33213DB2A400F2E3F7 /* Extensions.swift in Sources */ = {isa = PBXBuildFile; fileRef = 672DCC32213DB2A300F2E3F7 /* Extensions.swift */; };
		672DCC35213DB3AC00F2E3F7 /* EncryptMarvelRequestVDTests.swift in Sources */ = {isa = PBXBuildFile; fileRef = 672DCC34213DB3AC00F2E3F7 /* EncryptMarvelRequestVDTests.swift */; };
		672DCC39213DB75600F2E3F7 /* BaseModel.swift in Sources */ = {isa = PBXBuildFile; fileRef = 672DCC38213DB75600F2E3F7 /* BaseModel.swift */; };
		672DCC3B213DBA5000F2E3F7 /* ModelCodableEngineVD.swift in Sources */ = {isa = PBXBuildFile; fileRef = 672DCC3A213DBA5000F2E3F7 /* ModelCodableEngineVD.swift */; };
		672DCC3D213DBBE700F2E3F7 /* MarvelCollectionRequest.swift in Sources */ = {isa = PBXBuildFile; fileRef = 672DCC3C213DBBE700F2E3F7 /* MarvelCollectionRequest.swift */; };
		672DCC3F213DD34400F2E3F7 /* MarvelCharacter.swift in Sources */ = {isa = PBXBuildFile; fileRef = 672DCC3E213DD34400F2E3F7 /* MarvelCharacter.swift */; };
		672DCC41213DDAFB00F2E3F7 /* ModelsVDTest.swift in Sources */ = {isa = PBXBuildFile; fileRef = 672DCC40213DDAFB00F2E3F7 /* ModelsVDTest.swift */; };
		672DCC43213DE45100F2E3F7 /* MarvelComic.swift in Sources */ = {isa = PBXBuildFile; fileRef = 672DCC42213DE45100F2E3F7 /* MarvelComic.swift */; };
		88940EDB213E8F4300387B10 /* MarvelModelsTestHelper.swift in Sources */ = {isa = PBXBuildFile; fileRef = 88940EDA213E8F4300387B10 /* MarvelModelsTestHelper.swift */; };
		88940EDD213EABA300387B10 /* MarvelSerie.swift in Sources */ = {isa = PBXBuildFile; fileRef = 88940EDC213EABA300387B10 /* MarvelSerie.swift */; };
		88940EDF213EBEB100387B10 /* MarvelCreator.swift in Sources */ = {isa = PBXBuildFile; fileRef = 88940EDE213EBEB100387B10 /* MarvelCreator.swift */; };
		88940EE1213EBEE200387B10 /* MarvelEvent.swift in Sources */ = {isa = PBXBuildFile; fileRef = 88940EE0213EBEE200387B10 /* MarvelEvent.swift */; };
		88940EE3213EBF9700387B10 /* MarvelStory.swift in Sources */ = {isa = PBXBuildFile; fileRef = 88940EE2213EBF9700387B10 /* MarvelStory.swift */; };
		88940EE5213EC12900387B10 /* Thumbnail.swift in Sources */ = {isa = PBXBuildFile; fileRef = 88940EE4213EC12900387B10 /* Thumbnail.swift */; };
		88940EE7213EC64A00387B10 /* MarvelItem.swift in Sources */ = {isa = PBXBuildFile; fileRef = 88940EE6213EC64A00387B10 /* MarvelItem.swift */; };
		88AAA2B3213FCC7300B6BBC5 /* MarvelTableViewController.swift in Sources */ = {isa = PBXBuildFile; fileRef = 88AAA2B2213FCC7300B6BBC5 /* MarvelTableViewController.swift */; };
		88AAA2B5213FCD8B00B6BBC5 /* MarvelItemListDataProvider.swift in Sources */ = {isa = PBXBuildFile; fileRef = 88AAA2B4213FCD8B00B6BBC5 /* MarvelItemListDataProvider.swift */; };
		88AAA2B7213FCE8A00B6BBC5 /* MarvelItemCell.swift in Sources */ = {isa = PBXBuildFile; fileRef = 88AAA2B6213FCE8A00B6BBC5 /* MarvelItemCell.swift */; };
		88AAA2BA213FCFC000B6BBC5 /* AsyncImageView.swift in Sources */ = {isa = PBXBuildFile; fileRef = 88AAA2B8213FCFBF00B6BBC5 /* AsyncImageView.swift */; };
		88AAA2BB213FCFC000B6BBC5 /* ImageLoader.swift in Sources */ = {isa = PBXBuildFile; fileRef = 88AAA2B9213FCFC000B6BBC5 /* ImageLoader.swift */; };
		88AAA2BD213FD02400B6BBC5 /* MarvelTableViewControllerTests.swift in Sources */ = {isa = PBXBuildFile; fileRef = 88AAA2BC213FD02400B6BBC5 /* MarvelTableViewControllerTests.swift */; };
		88AAA2BF213FD31600B6BBC5 /* SwiftNotice.swift in Sources */ = {isa = PBXBuildFile; fileRef = 88AAA2BE213FD31600B6BBC5 /* SwiftNotice.swift */; };
		88AAA2C3213FE6AB00B6BBC5 /* MarvelItemListDataProviderTests.swift in Sources */ = {isa = PBXBuildFile; fileRef = 88AAA2C2213FE6AB00B6BBC5 /* MarvelItemListDataProviderTests.swift */; };
		88AAA2C5213FE8F500B6BBC5 /* MarvelItemManager.swift in Sources */ = {isa = PBXBuildFile; fileRef = 88AAA2C4213FE8F500B6BBC5 /* MarvelItemManager.swift */; };
/* End PBXBuildFile section */

/* Begin PBXContainerItemProxy section */
		672DCC04213DA62E00F2E3F7 /* PBXContainerItemProxy */ = {
			isa = PBXContainerItemProxy;
			containerPortal = 672DCBE7213DA62D00F2E3F7 /* Project object */;
			proxyType = 1;
			remoteGlobalIDString = 672DCBEE213DA62D00F2E3F7;
			remoteInfo = MarvelVD;
		};
		672DCC0F213DA62E00F2E3F7 /* PBXContainerItemProxy */ = {
			isa = PBXContainerItemProxy;
			containerPortal = 672DCBE7213DA62D00F2E3F7 /* Project object */;
			proxyType = 1;
			remoteGlobalIDString = 672DCBEE213DA62D00F2E3F7;
			remoteInfo = MarvelVD;
		};
/* End PBXContainerItemProxy section */

/* Begin PBXCopyFilesBuildPhase section */
		672DCC30213DB1F900F2E3F7 /* Embed Frameworks */ = {
			isa = PBXCopyFilesBuildPhase;
			buildActionMask = 2147483647;
			dstPath = "";
			dstSubfolderSpec = 10;
			files = (
				672DCC2F213DB1F900F2E3F7 /* CryptoSwift.framework in Embed Frameworks */,
			);
			name = "Embed Frameworks";
			runOnlyForDeploymentPostprocessing = 0;
		};
/* End PBXCopyFilesBuildPhase section */

/* Begin PBXFileReference section */
		672DCBEF213DA62D00F2E3F7 /* MarvelVD.app */ = {isa = PBXFileReference; explicitFileType = wrapper.application; includeInIndex = 0; path = MarvelVD.app; sourceTree = BUILT_PRODUCTS_DIR; };
		672DCBF2213DA62D00F2E3F7 /* AppDelegate.swift */ = {isa = PBXFileReference; lastKnownFileType = sourcecode.swift; path = AppDelegate.swift; sourceTree = "<group>"; };
		672DCBF4213DA62D00F2E3F7 /* MainViewController.swift */ = {isa = PBXFileReference; lastKnownFileType = sourcecode.swift; path = MainViewController.swift; sourceTree = "<group>"; };
		672DCBF7213DA62D00F2E3F7 /* Base */ = {isa = PBXFileReference; lastKnownFileType = file.storyboard; name = Base; path = Base.lproj/Main.storyboard; sourceTree = "<group>"; };
		672DCBF9213DA62E00F2E3F7 /* Assets.xcassets */ = {isa = PBXFileReference; lastKnownFileType = folder.assetcatalog; path = Assets.xcassets; sourceTree = "<group>"; };
		672DCBFC213DA62E00F2E3F7 /* Base */ = {isa = PBXFileReference; lastKnownFileType = file.storyboard; name = Base; path = Base.lproj/LaunchScreen.storyboard; sourceTree = "<group>"; };
		672DCBFE213DA62E00F2E3F7 /* Info.plist */ = {isa = PBXFileReference; lastKnownFileType = text.plist.xml; path = Info.plist; sourceTree = "<group>"; };
		672DCC03213DA62E00F2E3F7 /* MarvelVDTests.xctest */ = {isa = PBXFileReference; explicitFileType = wrapper.cfbundle; includeInIndex = 0; path = MarvelVDTests.xctest; sourceTree = BUILT_PRODUCTS_DIR; };
		672DCC07213DA62E00F2E3F7 /* MarvelVDTests.swift */ = {isa = PBXFileReference; lastKnownFileType = sourcecode.swift; path = MarvelVDTests.swift; sourceTree = "<group>"; };
		672DCC09213DA62E00F2E3F7 /* Info.plist */ = {isa = PBXFileReference; lastKnownFileType = text.plist.xml; path = Info.plist; sourceTree = "<group>"; };
		672DCC0E213DA62E00F2E3F7 /* MarvelVDUITests.xctest */ = {isa = PBXFileReference; explicitFileType = wrapper.cfbundle; includeInIndex = 0; path = MarvelVDUITests.xctest; sourceTree = BUILT_PRODUCTS_DIR; };
		672DCC12213DA62E00F2E3F7 /* MarvelVDUITests.swift */ = {isa = PBXFileReference; lastKnownFileType = sourcecode.swift; path = MarvelVDUITests.swift; sourceTree = "<group>"; };
		672DCC14213DA62E00F2E3F7 /* Info.plist */ = {isa = PBXFileReference; lastKnownFileType = text.plist.xml; path = Info.plist; sourceTree = "<group>"; };
		672DCC21213DA69200F2E3F7 /* RequestManager.swift */ = {isa = PBXFileReference; lastKnownFileType = sourcecode.swift; path = RequestManager.swift; sourceTree = "<group>"; };
		672DCC23213DA6D300F2E3F7 /* RequestManagerTests.swift */ = {isa = PBXFileReference; lastKnownFileType = sourcecode.swift; path = RequestManagerTests.swift; sourceTree = "<group>"; };
		672DCC25213DA74100F2E3F7 /* MarvelVDData.swift */ = {isa = PBXFileReference; lastKnownFileType = sourcecode.swift; path = MarvelVDData.swift; sourceTree = "<group>"; };
		672DCC27213DA7F100F2E3F7 /* MarvelRequestSites.swift */ = {isa = PBXFileReference; lastKnownFileType = sourcecode.swift; path = MarvelRequestSites.swift; sourceTree = "<group>"; };
		672DCC29213DAB1D00F2E3F7 /* MarvelRequestSitesTests.swift */ = {isa = PBXFileReference; lastKnownFileType = sourcecode.swift; path = MarvelRequestSitesTests.swift; sourceTree = "<group>"; };
		672DCC2B213DB1C100F2E3F7 /* EncryptMarvelRequestVD.swift */ = {isa = PBXFileReference; lastKnownFileType = sourcecode.swift; path = EncryptMarvelRequestVD.swift; sourceTree = "<group>"; };
		672DCC2D213DB1F800F2E3F7 /* CryptoSwift.framework */ = {isa = PBXFileReference; lastKnownFileType = wrapper.framework; name = CryptoSwift.framework; path = Carthage/Build/iOS/CryptoSwift.framework; sourceTree = "<group>"; };
		672DCC32213DB2A300F2E3F7 /* Extensions.swift */ = {isa = PBXFileReference; lastKnownFileType = sourcecode.swift; path = Extensions.swift; sourceTree = "<group>"; };
		672DCC34213DB3AC00F2E3F7 /* EncryptMarvelRequestVDTests.swift */ = {isa = PBXFileReference; lastKnownFileType = sourcecode.swift; path = EncryptMarvelRequestVDTests.swift; sourceTree = "<group>"; };
		672DCC38213DB75600F2E3F7 /* BaseModel.swift */ = {isa = PBXFileReference; lastKnownFileType = sourcecode.swift; path = BaseModel.swift; sourceTree = "<group>"; };
		672DCC3A213DBA5000F2E3F7 /* ModelCodableEngineVD.swift */ = {isa = PBXFileReference; lastKnownFileType = sourcecode.swift; path = ModelCodableEngineVD.swift; sourceTree = "<group>"; };
		672DCC3C213DBBE700F2E3F7 /* MarvelCollectionRequest.swift */ = {isa = PBXFileReference; lastKnownFileType = sourcecode.swift; path = MarvelCollectionRequest.swift; sourceTree = "<group>"; };
		672DCC3E213DD34400F2E3F7 /* MarvelCharacter.swift */ = {isa = PBXFileReference; lastKnownFileType = sourcecode.swift; path = MarvelCharacter.swift; sourceTree = "<group>"; };
		672DCC40213DDAFB00F2E3F7 /* ModelsVDTest.swift */ = {isa = PBXFileReference; lastKnownFileType = sourcecode.swift; path = ModelsVDTest.swift; sourceTree = "<group>"; };
		672DCC42213DE45100F2E3F7 /* MarvelComic.swift */ = {isa = PBXFileReference; lastKnownFileType = sourcecode.swift; path = MarvelComic.swift; sourceTree = "<group>"; };
		88940EDA213E8F4300387B10 /* MarvelModelsTestHelper.swift */ = {isa = PBXFileReference; lastKnownFileType = sourcecode.swift; path = MarvelModelsTestHelper.swift; sourceTree = "<group>"; };
		88940EDC213EABA300387B10 /* MarvelSerie.swift */ = {isa = PBXFileReference; lastKnownFileType = sourcecode.swift; path = MarvelSerie.swift; sourceTree = "<group>"; };
		88940EDE213EBEB100387B10 /* MarvelCreator.swift */ = {isa = PBXFileReference; lastKnownFileType = sourcecode.swift; path = MarvelCreator.swift; sourceTree = "<group>"; };
		88940EE0213EBEE200387B10 /* MarvelEvent.swift */ = {isa = PBXFileReference; lastKnownFileType = sourcecode.swift; path = MarvelEvent.swift; sourceTree = "<group>"; };
		88940EE2213EBF9700387B10 /* MarvelStory.swift */ = {isa = PBXFileReference; lastKnownFileType = sourcecode.swift; path = MarvelStory.swift; sourceTree = "<group>"; };
		88940EE4213EC12900387B10 /* Thumbnail.swift */ = {isa = PBXFileReference; lastKnownFileType = sourcecode.swift; path = Thumbnail.swift; sourceTree = "<group>"; };
		88940EE6213EC64A00387B10 /* MarvelItem.swift */ = {isa = PBXFileReference; lastKnownFileType = sourcecode.swift; path = MarvelItem.swift; sourceTree = "<group>"; };
		88AAA2B2213FCC7300B6BBC5 /* MarvelTableViewController.swift */ = {isa = PBXFileReference; lastKnownFileType = sourcecode.swift; path = MarvelTableViewController.swift; sourceTree = "<group>"; };
		88AAA2B4213FCD8B00B6BBC5 /* MarvelItemListDataProvider.swift */ = {isa = PBXFileReference; lastKnownFileType = sourcecode.swift; path = MarvelItemListDataProvider.swift; sourceTree = "<group>"; };
		88AAA2B6213FCE8A00B6BBC5 /* MarvelItemCell.swift */ = {isa = PBXFileReference; lastKnownFileType = sourcecode.swift; path = MarvelItemCell.swift; sourceTree = "<group>"; };
		88AAA2B8213FCFBF00B6BBC5 /* AsyncImageView.swift */ = {isa = PBXFileReference; lastKnownFileType = sourcecode.swift; path = AsyncImageView.swift; sourceTree = "<group>"; };
		88AAA2B9213FCFC000B6BBC5 /* ImageLoader.swift */ = {isa = PBXFileReference; lastKnownFileType = sourcecode.swift; path = ImageLoader.swift; sourceTree = "<group>"; };
		88AAA2BC213FD02400B6BBC5 /* MarvelTableViewControllerTests.swift */ = {isa = PBXFileReference; lastKnownFileType = sourcecode.swift; path = MarvelTableViewControllerTests.swift; sourceTree = "<group>"; };
		88AAA2BE213FD31600B6BBC5 /* SwiftNotice.swift */ = {isa = PBXFileReference; fileEncoding = 4; lastKnownFileType = sourcecode.swift; path = SwiftNotice.swift; sourceTree = "<group>"; };
		88AAA2C2213FE6AB00B6BBC5 /* MarvelItemListDataProviderTests.swift */ = {isa = PBXFileReference; lastKnownFileType = sourcecode.swift; path = MarvelItemListDataProviderTests.swift; sourceTree = "<group>"; };
		88AAA2C4213FE8F500B6BBC5 /* MarvelItemManager.swift */ = {isa = PBXFileReference; lastKnownFileType = sourcecode.swift; path = MarvelItemManager.swift; sourceTree = "<group>"; };
/* End PBXFileReference section */

/* Begin PBXFrameworksBuildPhase section */
		672DCBEC213DA62D00F2E3F7 /* Frameworks */ = {
			isa = PBXFrameworksBuildPhase;
			buildActionMask = 2147483647;
			files = (
				672DCC2E213DB1F900F2E3F7 /* CryptoSwift.framework in Frameworks */,
			);
			runOnlyForDeploymentPostprocessing = 0;
		};
		672DCC00213DA62E00F2E3F7 /* Frameworks */ = {
			isa = PBXFrameworksBuildPhase;
			buildActionMask = 2147483647;
			files = (
			);
			runOnlyForDeploymentPostprocessing = 0;
		};
		672DCC0B213DA62E00F2E3F7 /* Frameworks */ = {
			isa = PBXFrameworksBuildPhase;
			buildActionMask = 2147483647;
			files = (
			);
			runOnlyForDeploymentPostprocessing = 0;
		};
/* End PBXFrameworksBuildPhase section */

/* Begin PBXGroup section */
		672DCBE6213DA62D00F2E3F7 = {
			isa = PBXGroup;
			children = (
				672DCC2D213DB1F800F2E3F7 /* CryptoSwift.framework */,
				672DCBF1213DA62D00F2E3F7 /* MarvelVD */,
				672DCC06213DA62E00F2E3F7 /* MarvelVDTests */,
				672DCC11213DA62E00F2E3F7 /* MarvelVDUITests */,
				672DCBF0213DA62D00F2E3F7 /* Products */,
			);
			sourceTree = "<group>";
		};
		672DCBF0213DA62D00F2E3F7 /* Products */ = {
			isa = PBXGroup;
			children = (
				672DCBEF213DA62D00F2E3F7 /* MarvelVD.app */,
				672DCC03213DA62E00F2E3F7 /* MarvelVDTests.xctest */,
				672DCC0E213DA62E00F2E3F7 /* MarvelVDUITests.xctest */,
			);
			name = Products;
			sourceTree = "<group>";
		};
		672DCBF1213DA62D00F2E3F7 /* MarvelVD */ = {
			isa = PBXGroup;
			children = (
				672DCC37213DB67F00F2E3F7 /* Models */,
				672DCC36213DB66200F2E3F7 /* Helpers */,
				672DCBF4213DA62D00F2E3F7 /* MainViewController.swift */,
				88AAA2B2213FCC7300B6BBC5 /* MarvelTableViewController.swift */,
				672DCBF6213DA62D00F2E3F7 /* Main.storyboard */,
				672DCC20213DA65F00F2E3F7 /* Support Files */,
				88AAA2B4213FCD8B00B6BBC5 /* MarvelItemListDataProvider.swift */,
				88AAA2B6213FCE8A00B6BBC5 /* MarvelItemCell.swift */,
			);
			path = MarvelVD;
			sourceTree = "<group>";
		};
		672DCC06213DA62E00F2E3F7 /* MarvelVDTests */ = {
			isa = PBXGroup;
			children = (
				672DCC07213DA62E00F2E3F7 /* MarvelVDTests.swift */,
				672DCC09213DA62E00F2E3F7 /* Info.plist */,
				672DCC23213DA6D300F2E3F7 /* RequestManagerTests.swift */,
				672DCC29213DAB1D00F2E3F7 /* MarvelRequestSitesTests.swift */,
				672DCC34213DB3AC00F2E3F7 /* EncryptMarvelRequestVDTests.swift */,
				672DCC40213DDAFB00F2E3F7 /* ModelsVDTest.swift */,
				88940EDA213E8F4300387B10 /* MarvelModelsTestHelper.swift */,
				88AAA2BC213FD02400B6BBC5 /* MarvelTableViewControllerTests.swift */,
				88AAA2C2213FE6AB00B6BBC5 /* MarvelItemListDataProviderTests.swift */,
			);
			path = MarvelVDTests;
			sourceTree = "<group>";
		};
		672DCC11213DA62E00F2E3F7 /* MarvelVDUITests */ = {
			isa = PBXGroup;
			children = (
				672DCC12213DA62E00F2E3F7 /* MarvelVDUITests.swift */,
				672DCC14213DA62E00F2E3F7 /* Info.plist */,
			);
			path = MarvelVDUITests;
			sourceTree = "<group>";
		};
		672DCC20213DA65F00F2E3F7 /* Support Files */ = {
			isa = PBXGroup;
			children = (
				672DCBF2213DA62D00F2E3F7 /* AppDelegate.swift */,
				672DCBF9213DA62E00F2E3F7 /* Assets.xcassets */,
				672DCBFB213DA62E00F2E3F7 /* LaunchScreen.storyboard */,
				672DCBFE213DA62E00F2E3F7 /* Info.plist */,
				672DCC25213DA74100F2E3F7 /* MarvelVDData.swift */,
			);
			path = "Support Files";
			sourceTree = "<group>";
		};
		672DCC36213DB66200F2E3F7 /* Helpers */ = {
			isa = PBXGroup;
			children = (
				88AAA2BE213FD31600B6BBC5 /* SwiftNotice.swift */,
				88AAA2B8213FCFBF00B6BBC5 /* AsyncImageView.swift */,
				88AAA2B9213FCFC000B6BBC5 /* ImageLoader.swift */,
				672DCC2B213DB1C100F2E3F7 /* EncryptMarvelRequestVD.swift */,
				672DCC21213DA69200F2E3F7 /* RequestManager.swift */,
				672DCC27213DA7F100F2E3F7 /* MarvelRequestSites.swift */,
				672DCC32213DB2A300F2E3F7 /* Extensions.swift */,
				672DCC3C213DBBE700F2E3F7 /* MarvelCollectionRequest.swift */,
				88AAA2C4213FE8F500B6BBC5 /* MarvelItemManager.swift */,
			);
			path = Helpers;
			sourceTree = "<group>";
		};
		672DCC37213DB67F00F2E3F7 /* Models */ = {
			isa = PBXGroup;
			children = (
				672DCC38213DB75600F2E3F7 /* BaseModel.swift */,
				672DCC3A213DBA5000F2E3F7 /* ModelCodableEngineVD.swift */,
				672DCC3E213DD34400F2E3F7 /* MarvelCharacter.swift */,
				672DCC42213DE45100F2E3F7 /* MarvelComic.swift */,
				88940EDC213EABA300387B10 /* MarvelSerie.swift */,
				88940EDE213EBEB100387B10 /* MarvelCreator.swift */,
				88940EE0213EBEE200387B10 /* MarvelEvent.swift */,
				88940EE2213EBF9700387B10 /* MarvelStory.swift */,
				88940EE4213EC12900387B10 /* Thumbnail.swift */,
				88940EE6213EC64A00387B10 /* MarvelItem.swift */,
			);
			name = Models;
			sourceTree = "<group>";
		};
/* End PBXGroup section */

/* Begin PBXNativeTarget section */
		672DCBEE213DA62D00F2E3F7 /* MarvelVD */ = {
			isa = PBXNativeTarget;
			buildConfigurationList = 672DCC17213DA62E00F2E3F7 /* Build configuration list for PBXNativeTarget "MarvelVD" */;
			buildPhases = (
				672DCBEB213DA62D00F2E3F7 /* Sources */,
				672DCBEC213DA62D00F2E3F7 /* Frameworks */,
				672DCBED213DA62D00F2E3F7 /* Resources */,
				672DCC30213DB1F900F2E3F7 /* Embed Frameworks */,
				672DCC31213DB20D00F2E3F7 /* ShellScript */,
			);
			buildRules = (
			);
			dependencies = (
			);
			name = MarvelVD;
			productName = MarvelVD;
			productReference = 672DCBEF213DA62D00F2E3F7 /* MarvelVD.app */;
			productType = "com.apple.product-type.application";
		};
		672DCC02213DA62E00F2E3F7 /* MarvelVDTests */ = {
			isa = PBXNativeTarget;
			buildConfigurationList = 672DCC1A213DA62E00F2E3F7 /* Build configuration list for PBXNativeTarget "MarvelVDTests" */;
			buildPhases = (
				672DCBFF213DA62E00F2E3F7 /* Sources */,
				672DCC00213DA62E00F2E3F7 /* Frameworks */,
				672DCC01213DA62E00F2E3F7 /* Resources */,
			);
			buildRules = (
			);
			dependencies = (
				672DCC05213DA62E00F2E3F7 /* PBXTargetDependency */,
			);
			name = MarvelVDTests;
			productName = MarvelVDTests;
			productReference = 672DCC03213DA62E00F2E3F7 /* MarvelVDTests.xctest */;
			productType = "com.apple.product-type.bundle.unit-test";
		};
		672DCC0D213DA62E00F2E3F7 /* MarvelVDUITests */ = {
			isa = PBXNativeTarget;
			buildConfigurationList = 672DCC1D213DA62E00F2E3F7 /* Build configuration list for PBXNativeTarget "MarvelVDUITests" */;
			buildPhases = (
				672DCC0A213DA62E00F2E3F7 /* Sources */,
				672DCC0B213DA62E00F2E3F7 /* Frameworks */,
				672DCC0C213DA62E00F2E3F7 /* Resources */,
			);
			buildRules = (
			);
			dependencies = (
				672DCC10213DA62E00F2E3F7 /* PBXTargetDependency */,
			);
			name = MarvelVDUITests;
			productName = MarvelVDUITests;
			productReference = 672DCC0E213DA62E00F2E3F7 /* MarvelVDUITests.xctest */;
			productType = "com.apple.product-type.bundle.ui-testing";
		};
/* End PBXNativeTarget section */

/* Begin PBXProject section */
		672DCBE7213DA62D00F2E3F7 /* Project object */ = {
			isa = PBXProject;
			attributes = {
				LastSwiftUpdateCheck = 0940;
				LastUpgradeCheck = 0940;
				ORGANIZATIONNAME = "Victor Capilla Borrego";
				TargetAttributes = {
					672DCBEE213DA62D00F2E3F7 = {
						CreatedOnToolsVersion = 9.4.1;
					};
					672DCC02213DA62E00F2E3F7 = {
						CreatedOnToolsVersion = 9.4.1;
						TestTargetID = 672DCBEE213DA62D00F2E3F7;
					};
					672DCC0D213DA62E00F2E3F7 = {
						CreatedOnToolsVersion = 9.4.1;
						TestTargetID = 672DCBEE213DA62D00F2E3F7;
					};
				};
			};
			buildConfigurationList = 672DCBEA213DA62D00F2E3F7 /* Build configuration list for PBXProject "MarvelVD" */;
			compatibilityVersion = "Xcode 9.3";
			developmentRegion = en;
			hasScannedForEncodings = 0;
			knownRegions = (
				en,
				Base,
			);
			mainGroup = 672DCBE6213DA62D00F2E3F7;
			productRefGroup = 672DCBF0213DA62D00F2E3F7 /* Products */;
			projectDirPath = "";
			projectRoot = "";
			targets = (
				672DCBEE213DA62D00F2E3F7 /* MarvelVD */,
				672DCC02213DA62E00F2E3F7 /* MarvelVDTests */,
				672DCC0D213DA62E00F2E3F7 /* MarvelVDUITests */,
			);
		};
/* End PBXProject section */

/* Begin PBXResourcesBuildPhase section */
		672DCBED213DA62D00F2E3F7 /* Resources */ = {
			isa = PBXResourcesBuildPhase;
			buildActionMask = 2147483647;
			files = (
				672DCBFD213DA62E00F2E3F7 /* LaunchScreen.storyboard in Resources */,
				672DCBFA213DA62E00F2E3F7 /* Assets.xcassets in Resources */,
				672DCBF8213DA62D00F2E3F7 /* Main.storyboard in Resources */,
			);
			runOnlyForDeploymentPostprocessing = 0;
		};
		672DCC01213DA62E00F2E3F7 /* Resources */ = {
			isa = PBXResourcesBuildPhase;
			buildActionMask = 2147483647;
			files = (
			);
			runOnlyForDeploymentPostprocessing = 0;
		};
		672DCC0C213DA62E00F2E3F7 /* Resources */ = {
			isa = PBXResourcesBuildPhase;
			buildActionMask = 2147483647;
			files = (
			);
			runOnlyForDeploymentPostprocessing = 0;
		};
/* End PBXResourcesBuildPhase section */

/* Begin PBXShellScriptBuildPhase section */
		672DCC31213DB20D00F2E3F7 /* ShellScript */ = {
			isa = PBXShellScriptBuildPhase;
			buildActionMask = 2147483647;
			files = (
			);
			inputPaths = (
				"$(SRCROOT)/Carthage/Build/iOS/CryptoSwift.framework",
			);
			outputPaths = (
			);
			runOnlyForDeploymentPostprocessing = 0;
			shellPath = /bin/sh;
			shellScript = "/usr/local/bin/carthage copy-frameworks";
		};
/* End PBXShellScriptBuildPhase section */

/* Begin PBXSourcesBuildPhase section */
		672DCBEB213DA62D00F2E3F7 /* Sources */ = {
			isa = PBXSourcesBuildPhase;
			buildActionMask = 2147483647;
			files = (
				88940EE5213EC12900387B10 /* Thumbnail.swift in Sources */,
				672DCC26213DA74100F2E3F7 /* MarvelVDData.swift in Sources */,
				672DCC22213DA69200F2E3F7 /* RequestManager.swift in Sources */,
				88AAA2BF213FD31600B6BBC5 /* SwiftNotice.swift in Sources */,
				672DCC43213DE45100F2E3F7 /* MarvelComic.swift in Sources */,
				88940EE1213EBEE200387B10 /* MarvelEvent.swift in Sources */,
				88AAA2BA213FCFC000B6BBC5 /* AsyncImageView.swift in Sources */,
				88940EE3213EBF9700387B10 /* MarvelStory.swift in Sources */,
				88AAA2C5213FE8F500B6BBC5 /* MarvelItemManager.swift in Sources */,
				672DCC28213DA7F100F2E3F7 /* MarvelRequestSites.swift in Sources */,
				672DCC3B213DBA5000F2E3F7 /* ModelCodableEngineVD.swift in Sources */,
				88AAA2B7213FCE8A00B6BBC5 /* MarvelItemCell.swift in Sources */,
				88940EDF213EBEB100387B10 /* MarvelCreator.swift in Sources */,
				88940EE7213EC64A00387B10 /* MarvelItem.swift in Sources */,
				672DCBF5213DA62D00F2E3F7 /* MainViewController.swift in Sources */,
				672DCC2C213DB1C100F2E3F7 /* EncryptMarvelRequestVD.swift in Sources */,
				88AAA2B5213FCD8B00B6BBC5 /* MarvelItemListDataProvider.swift in Sources */,
				88AAA2BB213FCFC000B6BBC5 /* ImageLoader.swift in Sources */,
				672DCC3D213DBBE700F2E3F7 /* MarvelCollectionRequest.swift in Sources */,
				672DCBF3213DA62D00F2E3F7 /* AppDelegate.swift in Sources */,
				88940EDD213EABA300387B10 /* MarvelSerie.swift in Sources */,
				88AAA2B3213FCC7300B6BBC5 /* MarvelTableViewController.swift in Sources */,
				672DCC39213DB75600F2E3F7 /* BaseModel.swift in Sources */,
				672DCC3F213DD34400F2E3F7 /* MarvelCharacter.swift in Sources */,
				672DCC33213DB2A400F2E3F7 /* Extensions.swift in Sources */,
			);
			runOnlyForDeploymentPostprocessing = 0;
		};
		672DCBFF213DA62E00F2E3F7 /* Sources */ = {
			isa = PBXSourcesBuildPhase;
			buildActionMask = 2147483647;
			files = (
				88AAA2BD213FD02400B6BBC5 /* MarvelTableViewControllerTests.swift in Sources */,
				672DCC41213DDAFB00F2E3F7 /* ModelsVDTest.swift in Sources */,
				88AAA2C3213FE6AB00B6BBC5 /* MarvelItemListDataProviderTests.swift in Sources */,
				672DCC35213DB3AC00F2E3F7 /* EncryptMarvelRequestVDTests.swift in Sources */,
				88940EDB213E8F4300387B10 /* MarvelModelsTestHelper.swift in Sources */,
				672DCC08213DA62E00F2E3F7 /* MarvelVDTests.swift in Sources */,
				672DCC2A213DAB1D00F2E3F7 /* MarvelRequestSitesTests.swift in Sources */,
				672DCC24213DA6D300F2E3F7 /* RequestManagerTests.swift in Sources */,
			);
			runOnlyForDeploymentPostprocessing = 0;
		};
		672DCC0A213DA62E00F2E3F7 /* Sources */ = {
			isa = PBXSourcesBuildPhase;
			buildActionMask = 2147483647;
			files = (
				672DCC13213DA62E00F2E3F7 /* MarvelVDUITests.swift in Sources */,
			);
			runOnlyForDeploymentPostprocessing = 0;
		};
/* End PBXSourcesBuildPhase section */

/* Begin PBXTargetDependency section */
		672DCC05213DA62E00F2E3F7 /* PBXTargetDependency */ = {
			isa = PBXTargetDependency;
			target = 672DCBEE213DA62D00F2E3F7 /* MarvelVD */;
			targetProxy = 672DCC04213DA62E00F2E3F7 /* PBXContainerItemProxy */;
		};
		672DCC10213DA62E00F2E3F7 /* PBXTargetDependency */ = {
			isa = PBXTargetDependency;
			target = 672DCBEE213DA62D00F2E3F7 /* MarvelVD */;
			targetProxy = 672DCC0F213DA62E00F2E3F7 /* PBXContainerItemProxy */;
		};
/* End PBXTargetDependency section */

/* Begin PBXVariantGroup section */
		672DCBF6213DA62D00F2E3F7 /* Main.storyboard */ = {
			isa = PBXVariantGroup;
			children = (
				672DCBF7213DA62D00F2E3F7 /* Base */,
			);
			name = Main.storyboard;
			sourceTree = "<group>";
		};
		672DCBFB213DA62E00F2E3F7 /* LaunchScreen.storyboard */ = {
			isa = PBXVariantGroup;
			children = (
				672DCBFC213DA62E00F2E3F7 /* Base */,
			);
			name = LaunchScreen.storyboard;
			sourceTree = "<group>";
		};
/* End PBXVariantGroup section */

/* Begin XCBuildConfiguration section */
		672DCC15213DA62E00F2E3F7 /* Debug */ = {
			isa = XCBuildConfiguration;
			buildSettings = {
				ALWAYS_SEARCH_USER_PATHS = NO;
				CLANG_ANALYZER_NONNULL = YES;
				CLANG_ANALYZER_NUMBER_OBJECT_CONVERSION = YES_AGGRESSIVE;
				CLANG_CXX_LANGUAGE_STANDARD = "gnu++14";
				CLANG_CXX_LIBRARY = "libc++";
				CLANG_ENABLE_MODULES = YES;
				CLANG_ENABLE_OBJC_ARC = YES;
				CLANG_ENABLE_OBJC_WEAK = YES;
				CLANG_WARN_BLOCK_CAPTURE_AUTORELEASING = YES;
				CLANG_WARN_BOOL_CONVERSION = YES;
				CLANG_WARN_COMMA = YES;
				CLANG_WARN_CONSTANT_CONVERSION = YES;
				CLANG_WARN_DEPRECATED_OBJC_IMPLEMENTATIONS = YES;
				CLANG_WARN_DIRECT_OBJC_ISA_USAGE = YES_ERROR;
				CLANG_WARN_DOCUMENTATION_COMMENTS = YES;
				CLANG_WARN_EMPTY_BODY = YES;
				CLANG_WARN_ENUM_CONVERSION = YES;
				CLANG_WARN_INFINITE_RECURSION = YES;
				CLANG_WARN_INT_CONVERSION = YES;
				CLANG_WARN_NON_LITERAL_NULL_CONVERSION = YES;
				CLANG_WARN_OBJC_IMPLICIT_RETAIN_SELF = YES;
				CLANG_WARN_OBJC_LITERAL_CONVERSION = YES;
				CLANG_WARN_OBJC_ROOT_CLASS = YES_ERROR;
				CLANG_WARN_RANGE_LOOP_ANALYSIS = YES;
				CLANG_WARN_STRICT_PROTOTYPES = YES;
				CLANG_WARN_SUSPICIOUS_MOVE = YES;
				CLANG_WARN_UNGUARDED_AVAILABILITY = YES_AGGRESSIVE;
				CLANG_WARN_UNREACHABLE_CODE = YES;
				CLANG_WARN__DUPLICATE_METHOD_MATCH = YES;
				CODE_SIGN_IDENTITY = "iPhone Developer";
				COPY_PHASE_STRIP = NO;
				DEBUG_INFORMATION_FORMAT = dwarf;
				ENABLE_STRICT_OBJC_MSGSEND = YES;
				ENABLE_TESTABILITY = YES;
				GCC_C_LANGUAGE_STANDARD = gnu11;
				GCC_DYNAMIC_NO_PIC = NO;
				GCC_NO_COMMON_BLOCKS = YES;
				GCC_OPTIMIZATION_LEVEL = 0;
				GCC_PREPROCESSOR_DEFINITIONS = (
					"DEBUG=1",
					"$(inherited)",
				);
				GCC_WARN_64_TO_32_BIT_CONVERSION = YES;
				GCC_WARN_ABOUT_RETURN_TYPE = YES_ERROR;
				GCC_WARN_UNDECLARED_SELECTOR = YES;
				GCC_WARN_UNINITIALIZED_AUTOS = YES_AGGRESSIVE;
				GCC_WARN_UNUSED_FUNCTION = YES;
				GCC_WARN_UNUSED_VARIABLE = YES;
				IPHONEOS_DEPLOYMENT_TARGET = 11.4;
				MTL_ENABLE_DEBUG_INFO = YES;
				ONLY_ACTIVE_ARCH = YES;
				SDKROOT = iphoneos;
				SWIFT_ACTIVE_COMPILATION_CONDITIONS = DEBUG;
				SWIFT_OPTIMIZATION_LEVEL = "-Onone";
			};
			name = Debug;
		};
		672DCC16213DA62E00F2E3F7 /* Release */ = {
			isa = XCBuildConfiguration;
			buildSettings = {
				ALWAYS_SEARCH_USER_PATHS = NO;
				CLANG_ANALYZER_NONNULL = YES;
				CLANG_ANALYZER_NUMBER_OBJECT_CONVERSION = YES_AGGRESSIVE;
				CLANG_CXX_LANGUAGE_STANDARD = "gnu++14";
				CLANG_CXX_LIBRARY = "libc++";
				CLANG_ENABLE_MODULES = YES;
				CLANG_ENABLE_OBJC_ARC = YES;
				CLANG_ENABLE_OBJC_WEAK = YES;
				CLANG_WARN_BLOCK_CAPTURE_AUTORELEASING = YES;
				CLANG_WARN_BOOL_CONVERSION = YES;
				CLANG_WARN_COMMA = YES;
				CLANG_WARN_CONSTANT_CONVERSION = YES;
				CLANG_WARN_DEPRECATED_OBJC_IMPLEMENTATIONS = YES;
				CLANG_WARN_DIRECT_OBJC_ISA_USAGE = YES_ERROR;
				CLANG_WARN_DOCUMENTATION_COMMENTS = YES;
				CLANG_WARN_EMPTY_BODY = YES;
				CLANG_WARN_ENUM_CONVERSION = YES;
				CLANG_WARN_INFINITE_RECURSION = YES;
				CLANG_WARN_INT_CONVERSION = YES;
				CLANG_WARN_NON_LITERAL_NULL_CONVERSION = YES;
				CLANG_WARN_OBJC_IMPLICIT_RETAIN_SELF = YES;
				CLANG_WARN_OBJC_LITERAL_CONVERSION = YES;
				CLANG_WARN_OBJC_ROOT_CLASS = YES_ERROR;
				CLANG_WARN_RANGE_LOOP_ANALYSIS = YES;
				CLANG_WARN_STRICT_PROTOTYPES = YES;
				CLANG_WARN_SUSPICIOUS_MOVE = YES;
				CLANG_WARN_UNGUARDED_AVAILABILITY = YES_AGGRESSIVE;
				CLANG_WARN_UNREACHABLE_CODE = YES;
				CLANG_WARN__DUPLICATE_METHOD_MATCH = YES;
				CODE_SIGN_IDENTITY = "iPhone Developer";
				COPY_PHASE_STRIP = NO;
				DEBUG_INFORMATION_FORMAT = "dwarf-with-dsym";
				ENABLE_NS_ASSERTIONS = NO;
				ENABLE_STRICT_OBJC_MSGSEND = YES;
				GCC_C_LANGUAGE_STANDARD = gnu11;
				GCC_NO_COMMON_BLOCKS = YES;
				GCC_WARN_64_TO_32_BIT_CONVERSION = YES;
				GCC_WARN_ABOUT_RETURN_TYPE = YES_ERROR;
				GCC_WARN_UNDECLARED_SELECTOR = YES;
				GCC_WARN_UNINITIALIZED_AUTOS = YES_AGGRESSIVE;
				GCC_WARN_UNUSED_FUNCTION = YES;
				GCC_WARN_UNUSED_VARIABLE = YES;
				IPHONEOS_DEPLOYMENT_TARGET = 11.4;
				MTL_ENABLE_DEBUG_INFO = NO;
				SDKROOT = iphoneos;
				SWIFT_COMPILATION_MODE = wholemodule;
				SWIFT_OPTIMIZATION_LEVEL = "-O";
				VALIDATE_PRODUCT = YES;
			};
			name = Release;
		};
		672DCC18213DA62E00F2E3F7 /* Debug */ = {
			isa = XCBuildConfiguration;
			buildSettings = {
				ASSETCATALOG_COMPILER_APPICON_NAME = AppIcon;
				CODE_SIGN_STYLE = Automatic;
				DEVELOPMENT_TEAM = XQMZ52CJNY;
				FRAMEWORK_SEARCH_PATHS = (
					"$(inherited)",
					"$(PROJECT_DIR)/Carthage/Build/iOS",
				);
				INFOPLIST_FILE = "$(SRCROOT)/MarvelVD/Support Files/Info.plist";
				LD_RUNPATH_SEARCH_PATHS = (
					"$(inherited)",
					"@executable_path/Frameworks",
				);
				PRODUCT_BUNDLE_IDENTIFIER = com.victorcapilladev.MarvelVD;
				PRODUCT_NAME = "$(TARGET_NAME)";
				SWIFT_VERSION = 4.0;
				TARGETED_DEVICE_FAMILY = "1,2";
			};
			name = Debug;
		};
		672DCC19213DA62E00F2E3F7 /* Release */ = {
			isa = XCBuildConfiguration;
			buildSettings = {
				ASSETCATALOG_COMPILER_APPICON_NAME = AppIcon;
				CODE_SIGN_STYLE = Automatic;
				DEVELOPMENT_TEAM = XQMZ52CJNY;
				FRAMEWORK_SEARCH_PATHS = (
					"$(inherited)",
					"$(PROJECT_DIR)/Carthage/Build/iOS",
				);
				INFOPLIST_FILE = "$(SRCROOT)/MarvelVD/Support Files/Info.plist";
				LD_RUNPATH_SEARCH_PATHS = (
					"$(inherited)",
					"@executable_path/Frameworks",
				);
				PRODUCT_BUNDLE_IDENTIFIER = com.victorcapilladev.MarvelVD;
				PRODUCT_NAME = "$(TARGET_NAME)";
				SWIFT_VERSION = 4.0;
				TARGETED_DEVICE_FAMILY = "1,2";
			};
			name = Release;
		};
		672DCC1B213DA62E00F2E3F7 /* Debug */ = {
			isa = XCBuildConfiguration;
			buildSettings = {
				ALWAYS_EMBED_SWIFT_STANDARD_LIBRARIES = YES;
				BUNDLE_LOADER = "$(TEST_HOST)";
				CODE_SIGN_STYLE = Automatic;
				DEVELOPMENT_TEAM = XQMZ52CJNY;
				INFOPLIST_FILE = MarvelVDTests/Info.plist;
				LD_RUNPATH_SEARCH_PATHS = (
					"$(inherited)",
					"@executable_path/Frameworks",
					"@loader_path/Frameworks",
				);
				PRODUCT_BUNDLE_IDENTIFIER = com.victorcapilladev.MarvelVDTests;
				PRODUCT_NAME = "$(TARGET_NAME)";
				SWIFT_VERSION = 4.0;
				TARGETED_DEVICE_FAMILY = "1,2";
				TEST_HOST = "$(BUILT_PRODUCTS_DIR)/MarvelVD.app/MarvelVD";
			};
			name = Debug;
		};
		672DCC1C213DA62E00F2E3F7 /* Release */ = {
			isa = XCBuildConfiguration;
			buildSettings = {
				ALWAYS_EMBED_SWIFT_STANDARD_LIBRARIES = YES;
				BUNDLE_LOADER = "$(TEST_HOST)";
				CODE_SIGN_STYLE = Automatic;
				DEVELOPMENT_TEAM = XQMZ52CJNY;
				INFOPLIST_FILE = MarvelVDTests/Info.plist;
				LD_RUNPATH_SEARCH_PATHS = (
					"$(inherited)",
					"@executable_path/Frameworks",
					"@loader_path/Frameworks",
				);
				PRODUCT_BUNDLE_IDENTIFIER = com.victorcapilladev.MarvelVDTests;
				PRODUCT_NAME = "$(TARGET_NAME)";
				SWIFT_VERSION = 4.0;
				TARGETED_DEVICE_FAMILY = "1,2";
				TEST_HOST = "$(BUILT_PRODUCTS_DIR)/MarvelVD.app/MarvelVD";
			};
			name = Release;
		};
		672DCC1E213DA62E00F2E3F7 /* Debug */ = {
			isa = XCBuildConfiguration;
			buildSettings = {
				ALWAYS_EMBED_SWIFT_STANDARD_LIBRARIES = YES;
				CODE_SIGN_STYLE = Automatic;
				DEVELOPMENT_TEAM = XQMZ52CJNY;
				INFOPLIST_FILE = MarvelVDUITests/Info.plist;
				LD_RUNPATH_SEARCH_PATHS = (
					"$(inherited)",
					"@executable_path/Frameworks",
					"@loader_path/Frameworks",
				);
				PRODUCT_BUNDLE_IDENTIFIER = com.victorcapilladev.MarvelVDUITests;
				PRODUCT_NAME = "$(TARGET_NAME)";
				SWIFT_VERSION = 4.0;
				TARGETED_DEVICE_FAMILY = "1,2";
				TEST_TARGET_NAME = MarvelVD;
			};
			name = Debug;
		};
		672DCC1F213DA62E00F2E3F7 /* Release */ = {
			isa = XCBuildConfiguration;
			buildSettings = {
				ALWAYS_EMBED_SWIFT_STANDARD_LIBRARIES = YES;
				CODE_SIGN_STYLE = Automatic;
				DEVELOPMENT_TEAM = XQMZ52CJNY;
				INFOPLIST_FILE = MarvelVDUITests/Info.plist;
				LD_RUNPATH_SEARCH_PATHS = (
					"$(inherited)",
					"@executable_path/Frameworks",
					"@loader_path/Frameworks",
				);
				PRODUCT_BUNDLE_IDENTIFIER = com.victorcapilladev.MarvelVDUITests;
				PRODUCT_NAME = "$(TARGET_NAME)";
				SWIFT_VERSION = 4.0;
				TARGETED_DEVICE_FAMILY = "1,2";
				TEST_TARGET_NAME = MarvelVD;
			};
			name = Release;
		};
/* End XCBuildConfiguration section */

/* Begin XCConfigurationList section */
		672DCBEA213DA62D00F2E3F7 /* Build configuration list for PBXProject "MarvelVD" */ = {
			isa = XCConfigurationList;
			buildConfigurations = (
				672DCC15213DA62E00F2E3F7 /* Debug */,
				672DCC16213DA62E00F2E3F7 /* Release */,
			);
			defaultConfigurationIsVisible = 0;
			defaultConfigurationName = Release;
		};
		672DCC17213DA62E00F2E3F7 /* Build configuration list for PBXNativeTarget "MarvelVD" */ = {
			isa = XCConfigurationList;
			buildConfigurations = (
				672DCC18213DA62E00F2E3F7 /* Debug */,
				672DCC19213DA62E00F2E3F7 /* Release */,
			);
			defaultConfigurationIsVisible = 0;
			defaultConfigurationName = Release;
		};
		672DCC1A213DA62E00F2E3F7 /* Build configuration list for PBXNativeTarget "MarvelVDTests" */ = {
			isa = XCConfigurationList;
			buildConfigurations = (
				672DCC1B213DA62E00F2E3F7 /* Debug */,
				672DCC1C213DA62E00F2E3F7 /* Release */,
			);
			defaultConfigurationIsVisible = 0;
			defaultConfigurationName = Release;
		};
		672DCC1D213DA62E00F2E3F7 /* Build configuration list for PBXNativeTarget "MarvelVDUITests" */ = {
			isa = XCConfigurationList;
			buildConfigurations = (
				672DCC1E213DA62E00F2E3F7 /* Debug */,
				672DCC1F213DA62E00F2E3F7 /* Release */,
			);
			defaultConfigurationIsVisible = 0;
			defaultConfigurationName = Release;
		};
/* End XCConfigurationList section */
	};
	rootObject = 672DCBE7213DA62D00F2E3F7 /* Project object */;
}
